
Microsoft Visual Studio Solution File, Format Version 12.00
# Visual Studio 15
VisualStudioVersion = 15.0.26730.12
MinimumVisualStudioVersion = 10.0.40219.1
Project("{9A19103F-16F7-4668-BE54-9A1E7A4F7556}") = "Unosquare.Labs.LiteLib", "src\Unosquare.Labs.LiteLib\Unosquare.Labs.LiteLib.csproj", "{61110638-2D09-4B02-A543-AE32D182C0CE}"
EndProject
Project("{9A19103F-16F7-4668-BE54-9A1E7A4F7556}") = "Unosquare.Labs.LiteLib.Tests", "test\Unosquare.Labs.LiteLib.Tests\Unosquare.Labs.LiteLib.Tests.csproj", "{35CA62F7-7CC8-4086-BE8B-1195D48F3232}"
EndProject
Global
	GlobalSection(SolutionConfigurationPlatforms) = preSolution
		Debug|Any CPU = Debug|Any CPU
		Mono|Any CPU = Mono|Any CPU
		Release|Any CPU = Release|Any CPU
	EndGlobalSection
	GlobalSection(ProjectConfigurationPlatforms) = postSolution
		{61110638-2D09-4B02-A543-AE32D182C0CE}.Debug|Any CPU.ActiveCfg = Debug|Any CPU
		{61110638-2D09-4B02-A543-AE32D182C0CE}.Debug|Any CPU.Build.0 = Debug|Any CPU
		{61110638-2D09-4B02-A543-AE32D182C0CE}.Mono|Any CPU.ActiveCfg = Release|Any CPU
		{61110638-2D09-4B02-A543-AE32D182C0CE}.Mono|Any CPU.Build.0 = Release|Any CPU
		{61110638-2D09-4B02-A543-AE32D182C0CE}.Release|Any CPU.ActiveCfg = Release|Any CPU
		{61110638-2D09-4B02-A543-AE32D182C0CE}.Release|Any CPU.Build.0 = Release|Any CPU
		{35CA62F7-7CC8-4086-BE8B-1195D48F3232}.Debug|Any CPU.ActiveCfg = Debug|Any CPU
		{35CA62F7-7CC8-4086-BE8B-1195D48F3232}.Debug|Any CPU.Build.0 = Debug|Any CPU
		{35CA62F7-7CC8-4086-BE8B-1195D48F3232}.Mono|Any CPU.ActiveCfg = Release|Any CPU
		{35CA62F7-7CC8-4086-BE8B-1195D48F3232}.Mono|Any CPU.Build.0 = Release|Any CPU
		{35CA62F7-7CC8-4086-BE8B-1195D48F3232}.Release|Any CPU.ActiveCfg = Release|Any CPU
		{35CA62F7-7CC8-4086-BE8B-1195D48F3232}.Release|Any CPU.Build.0 = Release|Any CPU
	EndGlobalSection
	GlobalSection(SolutionProperties) = preSolution
		HideSolutionNode = FALSE
	EndGlobalSection
	GlobalSection(ExtensibilityGlobals) = postSolution
		SolutionGuid = {B8F223FC-160A-4FDE-9262-1324249193C5}
	EndGlobalSection
EndGlobal
